
Microsoft Visual Studio Solution File, Format Version 12.00
# Visual Studio Version 16
VisualStudioVersion = 16.0.32413.511
MinimumVisualStudioVersion = 10.0.40219.1
Project("{FAE04EC0-301F-11D3-BF4B-00C04F79EFBC}") = "ByteBank.SistemaAgencia", "ByteBank.SistemaAgencia\ByteBank.SistemaAgencia.csproj", "{89307123-BBD5-4683-811B-5EB60BE58068}"
EndProject
Project("{FAE04EC0-301F-11D3-BF4B-00C04F79EFBC}") = "ByteBank.Modelos", "ByteBank.Modelos\ByteBank.Modelos.csproj", "{1C626B40-F2E2-4F2A-BAF3-61AD1AA831A5}"
EndProject
Global
	GlobalSection(SolutionConfigurationPlatforms) = preSolution
		Debug|Any CPU = Debug|Any CPU
		Release|Any CPU = Release|Any CPU
	EndGlobalSection
	GlobalSection(ProjectConfigurationPlatforms) = postSolution
		{89307123-BBD5-4683-811B-5EB60BE58068}.Debug|Any CPU.ActiveCfg = Debug|Any CPU
		{89307123-BBD5-4683-811B-5EB60BE58068}.Debug|Any CPU.Build.0 = Debug|Any CPU
		{89307123-BBD5-4683-811B-5EB60BE58068}.Release|Any CPU.ActiveCfg = Release|Any CPU
		{89307123-BBD5-4683-811B-5EB60BE58068}.Release|Any CPU.Build.0 = Release|Any CPU
		{1C626B40-F2E2-4F2A-BAF3-61AD1AA831A5}.Debug|Any CPU.ActiveCfg = Debug|Any CPU
		{1C626B40-F2E2-4F2A-BAF3-61AD1AA831A5}.Debug|Any CPU.Build.0 = Debug|Any CPU
		{1C626B40-F2E2-4F2A-BAF3-61AD1AA831A5}.Release|Any CPU.ActiveCfg = Release|Any CPU
		{1C626B40-F2E2-4F2A-BAF3-61AD1AA831A5}.Release|Any CPU.Build.0 = Release|Any CPU
	EndGlobalSection
	GlobalSection(SolutionProperties) = preSolution
		HideSolutionNode = FALSE
	EndGlobalSection
	GlobalSection(ExtensibilityGlobals) = postSolution
		SolutionGuid = {203679B7-D248-4EA5-8C38-0027F24A64CE}
	EndGlobalSection
EndGlobal
